
Microsoft Visual Studio Solution File, Format Version 12.00
# Visual Studio Version 17
VisualStudioVersion = 17.3.32929.385
MinimumVisualStudioVersion = 10.0.40219.1
Project("{8BC9CEB8-8B4A-11D0-8D11-00A0C91BC942}") = "Application", "Application\Application.vcxproj", "{B16140B3-ED30-4A4E-92C5-657B4B850971}"
EndProject
Project("{8BC9CEB8-8B4A-11D0-8D11-00A0C91BC942}") = "Aminophenol", "Aminophenol\Aminophenol.vcxproj", "{59C3CB0C-E690-4B7E-92DA-F657BB38D880}"
EndProject
Global
	GlobalSection(SolutionConfigurationPlatforms) = preSolution
		Debug|x64 = Debug|x64
		Debug|x86 = Debug|x86
		Release|x64 = Release|x64
		Release|x86 = Release|x86
	EndGlobalSection
	GlobalSection(ProjectConfigurationPlatforms) = postSolution
		{B16140B3-ED30-4A4E-92C5-657B4B850971}.Debug|x64.ActiveCfg = Debug|x64
		{B16140B3-ED30-4A4E-92C5-657B4B850971}.Debug|x64.Build.0 = Debug|x64
		{B16140B3-ED30-4A4E-92C5-657B4B850971}.Debug|x86.ActiveCfg = Debug|Win32
		{B16140B3-ED30-4A4E-92C5-657B4B850971}.Debug|x86.Build.0 = Debug|Win32
		{B16140B3-ED30-4A4E-92C5-657B4B850971}.Release|x64.ActiveCfg = Release|x64
		{B16140B3-ED30-4A4E-92C5-657B4B850971}.Release|x64.Build.0 = Release|x64
		{B16140B3-ED30-4A4E-92C5-657B4B850971}.Release|x86.ActiveCfg = Release|Win32
		{B16140B3-ED30-4A4E-92C5-657B4B850971}.Release|x86.Build.0 = Release|Win32
		{59C3CB0C-E690-4B7E-92DA-F657BB38D880}.Debug|x64.ActiveCfg = Debug|x64
		{59C3CB0C-E690-4B7E-92DA-F657BB38D880}.Debug|x64.Build.0 = Debug|x64
		{59C3CB0C-E690-4B7E-92DA-F657BB38D880}.Debug|x86.ActiveCfg = Debug|Win32
		{59C3CB0C-E690-4B7E-92DA-F657BB38D880}.Debug|x86.Build.0 = Debug|Win32
		{59C3CB0C-E690-4B7E-92DA-F657BB38D880}.Release|x64.ActiveCfg = Release|x64
		{59C3CB0C-E690-4B7E-92DA-F657BB38D880}.Release|x64.Build.0 = Release|x64
		{59C3CB0C-E690-4B7E-92DA-F657BB38D880}.Release|x86.ActiveCfg = Release|Win32
		{59C3CB0C-E690-4B7E-92DA-F657BB38D880}.Release|x86.Build.0 = Release|Win32
	EndGlobalSection
	GlobalSection(SolutionProperties) = preSolution
		HideSolutionNode = FALSE
	EndGlobalSection
	GlobalSection(ExtensibilityGlobals) = postSolution
		SolutionGuid = {DD62669A-7563-4F8C-B66F-950C5203621E}
	EndGlobalSection
EndGlobal
